
Microsoft Visual Studio Solution File, Format Version 12.00
Project("{FAE04EC0-301F-11D3-BF4B-00C04F79EFBC}") = "Algorithms", "Algorithms\Algorithms.csproj", "{8DA375E6-4B17-48BB-8395-7E066C95538B}"
EndProject
Global
	GlobalSection(SolutionConfigurationPlatforms) = preSolution
		Debug|Any CPU = Debug|Any CPU
		Release|Any CPU = Release|Any CPU
	EndGlobalSection
	GlobalSection(ProjectConfigurationPlatforms) = postSolution
		{8DA375E6-4B17-48BB-8395-7E066C95538B}.Debug|Any CPU.ActiveCfg = Debug|Any CPU
		{8DA375E6-4B17-48BB-8395-7E066C95538B}.Debug|Any CPU.Build.0 = Debug|Any CPU
		{8DA375E6-4B17-48BB-8395-7E066C95538B}.Release|Any CPU.ActiveCfg = Release|Any CPU
		{8DA375E6-4B17-48BB-8395-7E066C95538B}.Release|Any CPU.Build.0 = Release|Any CPU
	EndGlobalSection
EndGlobal
